hash: 57d45ca45f2f3984e40cd7e4c45be7d71bd05012748e0c10a8b16a2712799bb9
updated: 2017-03-13T10:29:19.908392058-06:00
imports:
- name: github.com/go-redis/redis
  version: a16aeec10ff407b1e7be6dd35797ccf5426ef0f0
- name: github.com/steenzout/bash-gosweep
  version: 6d9f60597dde290810d1bccb2a51683d2c13e488
- name: github.com/steenzout/go-log
  version: f61d675de0a37acbe11b8eb9d2effcf4e2616460
  subpackages:
  - fields
  - formatters
  - fields/severity
  - fields/timestamp
- name: gopkg.in/redis.v5
  version: a16aeec10ff407b1e7be6dd35797ccf5426ef0f0
  subpackages:
  - internal
  - internal/consistenthash
  - internal/hashtag
  - internal/pool
  - internal/proto
testImports: []
