hash: 9f3af29918d9ea99c43414092324cb4404ff37e3bb250a6ebd1ebef1e9466ede
updated: 2017-03-10T15:49:10.70848291-07:00
imports:
- name: github.com/go-redis/redis
  version: a16aeec10ff407b1e7be6dd35797ccf5426ef0f0
- name: github.com/h12w/gosweep
  version: eb73d060a5d78c0aa1b2bfbcdbb6b981f5c1edf2
- name: github.com/mattn/goveralls
  version: 9d621f6940639bf287ecbb6f585a2c26eeba3bbe
- name: gopkg.in/redis.v5
  version: a16aeec10ff407b1e7be6dd35797ccf5426ef0f0
  subpackages:
  - internal
  - internal/consistenthash
  - internal/hashtag
  - internal/pool
  - internal/proto
- name: gopkg.in/urfave/cli.v2
  version: 0bdeddeeb0f650497d603c4ad7b20cfe685682f6
testImports: []
