hash: 94ab7ec60def20a925b35eeae5bd09394285a4cb73547e89f4669dbc2702247e
updated: 1969-12-31T17:00:00-07:00
imports:
- name: github.com/go-redis/redis
  version: a16aeec10ff407b1e7be6dd35797ccf5426ef0f0
- name: gopkg.in/redis.v5
  version: a16aeec10ff407b1e7be6dd35797ccf5426ef0f0
  subpackages:
  - internal
  - internal/consistenthash
  - internal/hashtag
  - internal/pool
  - internal/proto
- name: gopkg.in/urfave/cli.v2
  version: 0bdeddeeb0f650497d603c4ad7b20cfe685682f6
testImports: []
